
Microsoft Visual Studio Solution File, Format Version 12.00
# Visual Studio Version 16
VisualStudioVersion = 16.0.30711.63
MinimumVisualStudioVersion = 10.0.40219.1
Project("{FAE04EC0-301F-11D3-BF4B-00C04F79EFBC}") = "NewsPublish.Web", "NewsPublish.Web.csproj", "{4374DFA4-B037-4132-A826-BF15EC3B5AB2}"
EndProject
Project("{FAE04EC0-301F-11D3-BF4B-00C04F79EFBC}") = "NewsPublish.Model", "..\NewsPublish.Model\NewsPublish.Model.csproj", "{D27079C6-F7FB-4AB8-AB81-1681D384ED9D}"
EndProject
Project("{FAE04EC0-301F-11D3-BF4B-00C04F79EFBC}") = "NewsPublish.Service", "..\NewsPublish.Service\NewsPublish.Service.csproj", "{1C80343F-151E-408E-8363-8D0CEC454437}"
EndProject
Global
	GlobalSection(SolutionConfigurationPlatforms) = preSolution
		Debug|Any CPU = Debug|Any CPU
		Release|Any CPU = Release|Any CPU
	EndGlobalSection
	GlobalSection(ProjectConfigurationPlatforms) = postSolution
		{4374DFA4-B037-4132-A826-BF15EC3B5AB2}.Debug|Any CPU.ActiveCfg = Debug|Any CPU
		{4374DFA4-B037-4132-A826-BF15EC3B5AB2}.Debug|Any CPU.Build.0 = Debug|Any CPU
		{4374DFA4-B037-4132-A826-BF15EC3B5AB2}.Release|Any CPU.ActiveCfg = Release|Any CPU
		{4374DFA4-B037-4132-A826-BF15EC3B5AB2}.Release|Any CPU.Build.0 = Release|Any CPU
		{D27079C6-F7FB-4AB8-AB81-1681D384ED9D}.Debug|Any CPU.ActiveCfg = Debug|Any CPU
		{D27079C6-F7FB-4AB8-AB81-1681D384ED9D}.Debug|Any CPU.Build.0 = Debug|Any CPU
		{D27079C6-F7FB-4AB8-AB81-1681D384ED9D}.Release|Any CPU.ActiveCfg = Release|Any CPU
		{D27079C6-F7FB-4AB8-AB81-1681D384ED9D}.Release|Any CPU.Build.0 = Release|Any CPU
		{1C80343F-151E-408E-8363-8D0CEC454437}.Debug|Any CPU.ActiveCfg = Debug|Any CPU
		{1C80343F-151E-408E-8363-8D0CEC454437}.Debug|Any CPU.Build.0 = Debug|Any CPU
		{1C80343F-151E-408E-8363-8D0CEC454437}.Release|Any CPU.ActiveCfg = Release|Any CPU
		{1C80343F-151E-408E-8363-8D0CEC454437}.Release|Any CPU.Build.0 = Release|Any CPU
	EndGlobalSection
	GlobalSection(SolutionProperties) = preSolution
		HideSolutionNode = FALSE
	EndGlobalSection
	GlobalSection(ExtensibilityGlobals) = postSolution
		SolutionGuid = {642000E6-B194-4AFF-859A-B4B8315DA023}
	EndGlobalSection
EndGlobal
